
Microsoft Visual Studio Solution File, Format Version 12.00
# Visual Studio 14
VisualStudioVersion = 14.0.24720.0
MinimumVisualStudioVersion = 10.0.40219.1
Project("{FAE04EC0-301F-11D3-BF4B-00C04F79EFBC}") = "IdentityServer3.Shaolinq", "IdentityServer3.Shaolinq\IdentityServer3.Shaolinq.csproj", "{DBE65453-A35F-4784-BAE0-830FCB14224C}"
EndProject
Project("{2150E333-8FDC-42A3-9474-1A3956D46DE8}") = "Solution Items", "Solution Items", "{40BCE422-98CF-43DF-9186-4FCE8AC6C767}"
	ProjectSection(SolutionItems) = preProject
		.gitignore = .gitignore
		IdentityServer3.Shaolinq.nuspec = IdentityServer3.Shaolinq.nuspec
		LICENSE = LICENSE
		README.md = README.md
	EndProjectSection
EndProject
Project("{FAE04EC0-301F-11D3-BF4B-00C04F79EFBC}") = "IdentityServer3.Shaolinq.Tests", "IdentityServer3.Shaolinq.Tests\IdentityServer3.Shaolinq.Tests.csproj", "{3378F59A-4B38-42E8-805F-2A19AE180772}"
EndProject
Global
	GlobalSection(SolutionConfigurationPlatforms) = preSolution
		Debug|Any CPU = Debug|Any CPU
		Release|Any CPU = Release|Any CPU
	EndGlobalSection
	GlobalSection(ProjectConfigurationPlatforms) = postSolution
		{DBE65453-A35F-4784-BAE0-830FCB14224C}.Debug|Any CPU.ActiveCfg = Debug|Any CPU
		{DBE65453-A35F-4784-BAE0-830FCB14224C}.Debug|Any CPU.Build.0 = Debug|Any CPU
		{DBE65453-A35F-4784-BAE0-830FCB14224C}.Release|Any CPU.ActiveCfg = Release|Any CPU
		{DBE65453-A35F-4784-BAE0-830FCB14224C}.Release|Any CPU.Build.0 = Release|Any CPU
		{3378F59A-4B38-42E8-805F-2A19AE180772}.Debug|Any CPU.ActiveCfg = Debug|Any CPU
		{3378F59A-4B38-42E8-805F-2A19AE180772}.Debug|Any CPU.Build.0 = Debug|Any CPU
		{3378F59A-4B38-42E8-805F-2A19AE180772}.Release|Any CPU.ActiveCfg = Release|Any CPU
		{3378F59A-4B38-42E8-805F-2A19AE180772}.Release|Any CPU.Build.0 = Release|Any CPU
	EndGlobalSection
	GlobalSection(SolutionProperties) = preSolution
		HideSolutionNode = FALSE
	EndGlobalSection
EndGlobal
